
Microsoft Visual Studio Solution File, Format Version 12.00
# Visual Studio Version 17
VisualStudioVersion = 17.1.32210.238
MinimumVisualStudioVersion = 10.0.40219.1
Project("{8BC9CEB8-8B4A-11D0-8D11-00A0C91BC942}") = "01 强化训练-数组类封装", "01 强化训练-数组类封装.vcxproj", "{E8C6CCC8-36B8-41ED-981B-5B5C1C31EADB}"
EndProject
Global
	GlobalSection(SolutionConfigurationPlatforms) = preSolution
		Debug|x64 = Debug|x64
		Debug|x86 = Debug|x86
		Release|x64 = Release|x64
		Release|x86 = Release|x86
	EndGlobalSection
	GlobalSection(ProjectConfigurationPlatforms) = postSolution
		{E8C6CCC8-36B8-41ED-981B-5B5C1C31EADB}.Debug|x64.ActiveCfg = Debug|x64
		{E8C6CCC8-36B8-41ED-981B-5B5C1C31EADB}.Debug|x64.Build.0 = Debug|x64
		{E8C6CCC8-36B8-41ED-981B-5B5C1C31EADB}.Debug|x86.ActiveCfg = Debug|Win32
		{E8C6CCC8-36B8-41ED-981B-5B5C1C31EADB}.Debug|x86.Build.0 = Debug|Win32
		{E8C6CCC8-36B8-41ED-981B-5B5C1C31EADB}.Release|x64.ActiveCfg = Release|x64
		{E8C6CCC8-36B8-41ED-981B-5B5C1C31EADB}.Release|x64.Build.0 = Release|x64
		{E8C6CCC8-36B8-41ED-981B-5B5C1C31EADB}.Release|x86.ActiveCfg = Release|Win32
		{E8C6CCC8-36B8-41ED-981B-5B5C1C31EADB}.Release|x86.Build.0 = Release|Win32
	EndGlobalSection
	GlobalSection(SolutionProperties) = preSolution
		HideSolutionNode = FALSE
	EndGlobalSection
	GlobalSection(ExtensibilityGlobals) = postSolution
		SolutionGuid = {37533081-5694-413E-89B6-62AFF6C814BA}
	EndGlobalSection
EndGlobal
